
Microsoft Visual Studio Solution File, Format Version 12.00
# Visual Studio Version 17
VisualStudioVersion = 17.12.35521.163
MinimumVisualStudioVersion = 10.0.40219.1
Project("{FAE04EC0-301F-11D3-BF4B-00C04F79EFBC}") = "NetArchTechChallenge.Shared.Domain", "NetArchTechChallenge.Shared.Domain\NetArchTechChallenge.Shared.Domain.csproj", "{97573C47-8F13-4C92-BBEA-77E88422EDDF}"
EndProject
Project("{FAE04EC0-301F-11D3-BF4B-00C04F79EFBC}") = "NetArchTechChallenge.Shared.Infrastructure", "NetArchTechChallenge.Shared.Infrastructure\NetArchTechChallenge.Shared.Infrastructure.csproj", "{749400B1-CA02-47FC-AD92-7B4B39210930}"
EndProject
Project("{FAE04EC0-301F-11D3-BF4B-00C04F79EFBC}") = "NetArchTechChallenge.Shared.Application", "NetArchTechChallenge.Shared.Application\NetArchTechChallenge.Shared.Application.csproj", "{F6D186CB-3AB6-46B4-8AF9-7391163D421C}"
EndProject
Project("{2150E333-8FDC-42A3-9474-1A3956D46DE8}") = "Shared", "Shared", "{7D2BF3DF-2FCD-449F-8120-BCC9972627A4}"
EndProject
Project("{2150E333-8FDC-42A3-9474-1A3956D46DE8}") = "Apps", "Apps", "{C6EB8093-27CF-4AFC-80BC-40C4B7CA5D82}"
EndProject
Project("{2150E333-8FDC-42A3-9474-1A3956D46DE8}") = "Tests", "Tests", "{BDA3D024-A699-4930-97D3-11326F41339C}"
EndProject
Project("{FAE04EC0-301F-11D3-BF4B-00C04F79EFBC}") = "NetArchTechChallenge.Commands", "NetArchTechChallenge.Commands\NetArchTechChallenge.Commands.csproj", "{CE0C29ED-E185-43C1-ADF5-E0B4BC73329F}"
EndProject
Project("{FAE04EC0-301F-11D3-BF4B-00C04F79EFBC}") = "NetArchTechChallenge.Persistence", "NetArchTechChallenge.Persistence\NetArchTechChallenge.Persistence.csproj", "{E42E1603-492F-42B0-B52F-FC92DA0A2ACA}"
EndProject
Project("{FAE04EC0-301F-11D3-BF4B-00C04F79EFBC}") = "NetArchTechChallenge.Persistence.Tests", "NetArchTechChallenge.Persistence.Tests\NetArchTechChallenge.Persistence.Tests.csproj", "{62B63B10-F929-4122-806B-B07328978592}"
EndProject
Project("{FAE04EC0-301F-11D3-BF4B-00C04F79EFBC}") = "NetArchTechChallenge.DLQMonitor.Tests", "NetArchTechChallenge.DLQMonitor.Tests\NetArchTechChallenge.DLQMonitor.Tests.csproj", "{EB2F63A8-8C06-411D-BD0D-95E878E3FD2D}"
EndProject
Project("{FAE04EC0-301F-11D3-BF4B-00C04F79EFBC}") = "NetArchTechChallenge.Query.Tests", "NetArchTechChallenge.Query.Tests\NetArchTechChallenge.Query.Tests.csproj", "{9AF00AE6-0BF1-430B-83C3-ACD6C00F4F44}"
EndProject
Project("{FAE04EC0-301F-11D3-BF4B-00C04F79EFBC}") = "NetArchTechChallenge.Commands.Tests", "NetArchTechChallenge.Commands.Tests\NetArchTechChallenge.Commands.Tests.csproj", "{33E44F64-41BB-42D3-9EB4-249170B6E9B9}"
EndProject
Project("{FAE04EC0-301F-11D3-BF4B-00C04F79EFBC}") = "NetArchTechChallenge.Query", "NetArchTechChallenge.Query\NetArchTechChallenge.Query.csproj", "{E850327F-222F-4635-B3A7-DCB41B45267E}"
EndProject
Project("{FAE04EC0-301F-11D3-BF4B-00C04F79EFBC}") = "NetArchTechChallenge.DLQMonitor", "NetArchTechChallenge.DLQMonitor\NetArchTechChallenge.DLQMonitor.csproj", "{352C4563-1987-4E3E-A602-C868D485EE3B}"
EndProject
Project("{FAE04EC0-301F-11D3-BF4B-00C04F79EFBC}") = "NetArchTechChallenge.Gateway", "NetArchTechChallenge.Gateway\NetArchTechChallenge.Gateway.csproj", "{ECA91F62-B38F-41DD-B81D-4327FE2E8ED6}"
EndProject
Global
	GlobalSection(SolutionConfigurationPlatforms) = preSolution
		Debug|Any CPU = Debug|Any CPU
		Release|Any CPU = Release|Any CPU
	EndGlobalSection
	GlobalSection(ProjectConfigurationPlatforms) = postSolution
		{97573C47-8F13-4C92-BBEA-77E88422EDDF}.Debug|Any CPU.ActiveCfg = Debug|Any CPU
		{97573C47-8F13-4C92-BBEA-77E88422EDDF}.Debug|Any CPU.Build.0 = Debug|Any CPU
		{97573C47-8F13-4C92-BBEA-77E88422EDDF}.Release|Any CPU.ActiveCfg = Release|Any CPU
		{97573C47-8F13-4C92-BBEA-77E88422EDDF}.Release|Any CPU.Build.0 = Release|Any CPU
		{749400B1-CA02-47FC-AD92-7B4B39210930}.Debug|Any CPU.ActiveCfg = Debug|Any CPU
		{749400B1-CA02-47FC-AD92-7B4B39210930}.Debug|Any CPU.Build.0 = Debug|Any CPU
		{749400B1-CA02-47FC-AD92-7B4B39210930}.Release|Any CPU.ActiveCfg = Release|Any CPU
		{749400B1-CA02-47FC-AD92-7B4B39210930}.Release|Any CPU.Build.0 = Release|Any CPU
		{F6D186CB-3AB6-46B4-8AF9-7391163D421C}.Debug|Any CPU.ActiveCfg = Debug|Any CPU
		{F6D186CB-3AB6-46B4-8AF9-7391163D421C}.Debug|Any CPU.Build.0 = Debug|Any CPU
		{F6D186CB-3AB6-46B4-8AF9-7391163D421C}.Release|Any CPU.ActiveCfg = Release|Any CPU
		{F6D186CB-3AB6-46B4-8AF9-7391163D421C}.Release|Any CPU.Build.0 = Release|Any CPU
		{CE0C29ED-E185-43C1-ADF5-E0B4BC73329F}.Debug|Any CPU.ActiveCfg = Debug|Any CPU
		{CE0C29ED-E185-43C1-ADF5-E0B4BC73329F}.Debug|Any CPU.Build.0 = Debug|Any CPU
		{CE0C29ED-E185-43C1-ADF5-E0B4BC73329F}.Release|Any CPU.ActiveCfg = Release|Any CPU
		{CE0C29ED-E185-43C1-ADF5-E0B4BC73329F}.Release|Any CPU.Build.0 = Release|Any CPU
		{E42E1603-492F-42B0-B52F-FC92DA0A2ACA}.Debug|Any CPU.ActiveCfg = Debug|Any CPU
		{E42E1603-492F-42B0-B52F-FC92DA0A2ACA}.Debug|Any CPU.Build.0 = Debug|Any CPU
		{E42E1603-492F-42B0-B52F-FC92DA0A2ACA}.Release|Any CPU.ActiveCfg = Release|Any CPU
		{E42E1603-492F-42B0-B52F-FC92DA0A2ACA}.Release|Any CPU.Build.0 = Release|Any CPU
		{62B63B10-F929-4122-806B-B07328978592}.Debug|Any CPU.ActiveCfg = Debug|Any CPU
		{62B63B10-F929-4122-806B-B07328978592}.Debug|Any CPU.Build.0 = Debug|Any CPU
		{62B63B10-F929-4122-806B-B07328978592}.Release|Any CPU.ActiveCfg = Release|Any CPU
		{62B63B10-F929-4122-806B-B07328978592}.Release|Any CPU.Build.0 = Release|Any CPU
		{EB2F63A8-8C06-411D-BD0D-95E878E3FD2D}.Debug|Any CPU.ActiveCfg = Debug|Any CPU
		{EB2F63A8-8C06-411D-BD0D-95E878E3FD2D}.Debug|Any CPU.Build.0 = Debug|Any CPU
		{EB2F63A8-8C06-411D-BD0D-95E878E3FD2D}.Release|Any CPU.ActiveCfg = Release|Any CPU
		{EB2F63A8-8C06-411D-BD0D-95E878E3FD2D}.Release|Any CPU.Build.0 = Release|Any CPU
		{9AF00AE6-0BF1-430B-83C3-ACD6C00F4F44}.Debug|Any CPU.ActiveCfg = Debug|Any CPU
		{9AF00AE6-0BF1-430B-83C3-ACD6C00F4F44}.Debug|Any CPU.Build.0 = Debug|Any CPU
		{9AF00AE6-0BF1-430B-83C3-ACD6C00F4F44}.Release|Any CPU.ActiveCfg = Release|Any CPU
		{9AF00AE6-0BF1-430B-83C3-ACD6C00F4F44}.Release|Any CPU.Build.0 = Release|Any CPU
		{33E44F64-41BB-42D3-9EB4-249170B6E9B9}.Debug|Any CPU.ActiveCfg = Debug|Any CPU
		{33E44F64-41BB-42D3-9EB4-249170B6E9B9}.Debug|Any CPU.Build.0 = Debug|Any CPU
		{33E44F64-41BB-42D3-9EB4-249170B6E9B9}.Release|Any CPU.ActiveCfg = Release|Any CPU
		{33E44F64-41BB-42D3-9EB4-249170B6E9B9}.Release|Any CPU.Build.0 = Release|Any CPU
		{E850327F-222F-4635-B3A7-DCB41B45267E}.Debug|Any CPU.ActiveCfg = Debug|Any CPU
		{E850327F-222F-4635-B3A7-DCB41B45267E}.Debug|Any CPU.Build.0 = Debug|Any CPU
		{E850327F-222F-4635-B3A7-DCB41B45267E}.Release|Any CPU.ActiveCfg = Release|Any CPU
		{E850327F-222F-4635-B3A7-DCB41B45267E}.Release|Any CPU.Build.0 = Release|Any CPU
		{352C4563-1987-4E3E-A602-C868D485EE3B}.Debug|Any CPU.ActiveCfg = Debug|Any CPU
		{352C4563-1987-4E3E-A602-C868D485EE3B}.Debug|Any CPU.Build.0 = Debug|Any CPU
		{352C4563-1987-4E3E-A602-C868D485EE3B}.Release|Any CPU.ActiveCfg = Release|Any CPU
		{352C4563-1987-4E3E-A602-C868D485EE3B}.Release|Any CPU.Build.0 = Release|Any CPU
		{ECA91F62-B38F-41DD-B81D-4327FE2E8ED6}.Debug|Any CPU.ActiveCfg = Debug|Any CPU
		{ECA91F62-B38F-41DD-B81D-4327FE2E8ED6}.Debug|Any CPU.Build.0 = Debug|Any CPU
		{ECA91F62-B38F-41DD-B81D-4327FE2E8ED6}.Release|Any CPU.ActiveCfg = Release|Any CPU
		{ECA91F62-B38F-41DD-B81D-4327FE2E8ED6}.Release|Any CPU.Build.0 = Release|Any CPU
	EndGlobalSection
	GlobalSection(SolutionProperties) = preSolution
		HideSolutionNode = FALSE
	EndGlobalSection
	GlobalSection(NestedProjects) = preSolution
		{97573C47-8F13-4C92-BBEA-77E88422EDDF} = {7D2BF3DF-2FCD-449F-8120-BCC9972627A4}
		{749400B1-CA02-47FC-AD92-7B4B39210930} = {7D2BF3DF-2FCD-449F-8120-BCC9972627A4}
		{F6D186CB-3AB6-46B4-8AF9-7391163D421C} = {7D2BF3DF-2FCD-449F-8120-BCC9972627A4}
		{CE0C29ED-E185-43C1-ADF5-E0B4BC73329F} = {C6EB8093-27CF-4AFC-80BC-40C4B7CA5D82}
		{E42E1603-492F-42B0-B52F-FC92DA0A2ACA} = {C6EB8093-27CF-4AFC-80BC-40C4B7CA5D82}
		{62B63B10-F929-4122-806B-B07328978592} = {BDA3D024-A699-4930-97D3-11326F41339C}
		{EB2F63A8-8C06-411D-BD0D-95E878E3FD2D} = {BDA3D024-A699-4930-97D3-11326F41339C}
		{9AF00AE6-0BF1-430B-83C3-ACD6C00F4F44} = {BDA3D024-A699-4930-97D3-11326F41339C}
		{33E44F64-41BB-42D3-9EB4-249170B6E9B9} = {BDA3D024-A699-4930-97D3-11326F41339C}
		{E850327F-222F-4635-B3A7-DCB41B45267E} = {C6EB8093-27CF-4AFC-80BC-40C4B7CA5D82}
		{352C4563-1987-4E3E-A602-C868D485EE3B} = {C6EB8093-27CF-4AFC-80BC-40C4B7CA5D82}
		{ECA91F62-B38F-41DD-B81D-4327FE2E8ED6} = {C6EB8093-27CF-4AFC-80BC-40C4B7CA5D82}
	EndGlobalSection
EndGlobal
